
Microsoft Visual Studio Solution File, Format Version 12.00
# Visual Studio Version 16
VisualStudioVersion = 16.0.31410.357
MinimumVisualStudioVersion = 10.0.40219.1
Project("{FAE04EC0-301F-11D3-BF4B-00C04F79EFBC}") = "SwtchApi", "SwtchApi\SwtchApi.csproj", "{CF776141-4238-4866-95BF-F11142A8DD0D}"
EndProject
Project("{FAE04EC0-301F-11D3-BF4B-00C04F79EFBC}") = "SwatchUI", "SwatchUI\SwatchUI.csproj", "{06453305-5532-4F99-AE16-57C9C307AC60}"
EndProject
Global
	GlobalSection(SolutionConfigurationPlatforms) = preSolution
		Debug|Any CPU = Debug|Any CPU
		Release|Any CPU = Release|Any CPU
	EndGlobalSection
	GlobalSection(ProjectConfigurationPlatforms) = postSolution
		{CF776141-4238-4866-95BF-F11142A8DD0D}.Debug|Any CPU.ActiveCfg = Debug|Any CPU
		{CF776141-4238-4866-95BF-F11142A8DD0D}.Debug|Any CPU.Build.0 = Debug|Any CPU
		{CF776141-4238-4866-95BF-F11142A8DD0D}.Release|Any CPU.ActiveCfg = Release|Any CPU
		{CF776141-4238-4866-95BF-F11142A8DD0D}.Release|Any CPU.Build.0 = Release|Any CPU
		{06453305-5532-4F99-AE16-57C9C307AC60}.Debug|Any CPU.ActiveCfg = Debug|Any CPU
		{06453305-5532-4F99-AE16-57C9C307AC60}.Debug|Any CPU.Build.0 = Debug|Any CPU
		{06453305-5532-4F99-AE16-57C9C307AC60}.Release|Any CPU.ActiveCfg = Release|Any CPU
		{06453305-5532-4F99-AE16-57C9C307AC60}.Release|Any CPU.Build.0 = Release|Any CPU
	EndGlobalSection
	GlobalSection(SolutionProperties) = preSolution
		HideSolutionNode = FALSE
	EndGlobalSection
	GlobalSection(ExtensibilityGlobals) = postSolution
		SolutionGuid = {6E332B6F-81C4-4334-9A9F-3897009184DD}
	EndGlobalSection
EndGlobal
